
Microsoft Visual Studio Solution File, Format Version 12.00
# Visual Studio Version 17
VisualStudioVersion = 17.10.35004.147
MinimumVisualStudioVersion = 10.0.40219.1
Project("{2150E333-8FDC-42A3-9474-1A3956D46DE8}") = "src", "src", "{7B88469A-CF6D-4E24-B672-1B41D717693F}"
EndProject
Project("{2150E333-8FDC-42A3-9474-1A3956D46DE8}") = "API", "API", "{1D7BF27F-C6EC-43CA-BD06-B735003CDD86}"
EndProject
Project("{2150E333-8FDC-42A3-9474-1A3956D46DE8}") = "APPLICATION", "APPLICATION", "{163F0F31-2DF3-42E7-9105-BC704F437F0D}"
EndProject
Project("{2150E333-8FDC-42A3-9474-1A3956D46DE8}") = "DOMAIN", "DOMAIN", "{142BA931-A905-4C06-8666-C4DF85E05846}"
EndProject
Project("{2150E333-8FDC-42A3-9474-1A3956D46DE8}") = "INFRASTRUCTURE", "INFRASTRUCTURE", "{597A0C99-EAE3-4703-BCAE-E529DD7C57E9}"
EndProject
Project("{9A19103F-16F7-4668-BE54-9A1E7A4F7556}") = "DesafioBackend.API", "src\DesafioBackend.API\DesafioBackend.API.csproj", "{99D92C12-661F-4A46-9485-C9608577209E}"
EndProject
Project("{9A19103F-16F7-4668-BE54-9A1E7A4F7556}") = "Application", "src\Application\Application.csproj", "{255DEEA8-1BBE-4871-829F-2CB54737011E}"
EndProject
Project("{9A19103F-16F7-4668-BE54-9A1E7A4F7556}") = "Domain", "src\Domain\Domain.csproj", "{13F3F200-B715-4A9C-8683-4F2CECD88DDD}"
EndProject
Project("{9A19103F-16F7-4668-BE54-9A1E7A4F7556}") = "Infrastructure", "src\Infrastructure\Infrastructure.csproj", "{97EBEB43-F71F-4EA7-8605-A1252D3B9671}"
EndProject
Global
	GlobalSection(SolutionConfigurationPlatforms) = preSolution
		Debug|Any CPU = Debug|Any CPU
		Release|Any CPU = Release|Any CPU
	EndGlobalSection
	GlobalSection(ProjectConfigurationPlatforms) = postSolution
		{99D92C12-661F-4A46-9485-C9608577209E}.Debug|Any CPU.ActiveCfg = Debug|Any CPU
		{99D92C12-661F-4A46-9485-C9608577209E}.Debug|Any CPU.Build.0 = Debug|Any CPU
		{99D92C12-661F-4A46-9485-C9608577209E}.Release|Any CPU.ActiveCfg = Release|Any CPU
		{99D92C12-661F-4A46-9485-C9608577209E}.Release|Any CPU.Build.0 = Release|Any CPU
		{255DEEA8-1BBE-4871-829F-2CB54737011E}.Debug|Any CPU.ActiveCfg = Debug|Any CPU
		{255DEEA8-1BBE-4871-829F-2CB54737011E}.Debug|Any CPU.Build.0 = Debug|Any CPU
		{255DEEA8-1BBE-4871-829F-2CB54737011E}.Release|Any CPU.ActiveCfg = Release|Any CPU
		{255DEEA8-1BBE-4871-829F-2CB54737011E}.Release|Any CPU.Build.0 = Release|Any CPU
		{13F3F200-B715-4A9C-8683-4F2CECD88DDD}.Debug|Any CPU.ActiveCfg = Debug|Any CPU
		{13F3F200-B715-4A9C-8683-4F2CECD88DDD}.Debug|Any CPU.Build.0 = Debug|Any CPU
		{13F3F200-B715-4A9C-8683-4F2CECD88DDD}.Release|Any CPU.ActiveCfg = Release|Any CPU
		{13F3F200-B715-4A9C-8683-4F2CECD88DDD}.Release|Any CPU.Build.0 = Release|Any CPU
		{97EBEB43-F71F-4EA7-8605-A1252D3B9671}.Debug|Any CPU.ActiveCfg = Debug|Any CPU
		{97EBEB43-F71F-4EA7-8605-A1252D3B9671}.Debug|Any CPU.Build.0 = Debug|Any CPU
		{97EBEB43-F71F-4EA7-8605-A1252D3B9671}.Release|Any CPU.ActiveCfg = Release|Any CPU
		{97EBEB43-F71F-4EA7-8605-A1252D3B9671}.Release|Any CPU.Build.0 = Release|Any CPU
	EndGlobalSection
	GlobalSection(SolutionProperties) = preSolution
		HideSolutionNode = FALSE
	EndGlobalSection
	GlobalSection(NestedProjects) = preSolution
		{1D7BF27F-C6EC-43CA-BD06-B735003CDD86} = {7B88469A-CF6D-4E24-B672-1B41D717693F}
		{163F0F31-2DF3-42E7-9105-BC704F437F0D} = {7B88469A-CF6D-4E24-B672-1B41D717693F}
		{142BA931-A905-4C06-8666-C4DF85E05846} = {7B88469A-CF6D-4E24-B672-1B41D717693F}
		{597A0C99-EAE3-4703-BCAE-E529DD7C57E9} = {7B88469A-CF6D-4E24-B672-1B41D717693F}
		{99D92C12-661F-4A46-9485-C9608577209E} = {1D7BF27F-C6EC-43CA-BD06-B735003CDD86}
		{255DEEA8-1BBE-4871-829F-2CB54737011E} = {163F0F31-2DF3-42E7-9105-BC704F437F0D}
		{13F3F200-B715-4A9C-8683-4F2CECD88DDD} = {142BA931-A905-4C06-8666-C4DF85E05846}
		{97EBEB43-F71F-4EA7-8605-A1252D3B9671} = {597A0C99-EAE3-4703-BCAE-E529DD7C57E9}
	EndGlobalSection
	GlobalSection(ExtensibilityGlobals) = postSolution
		SolutionGuid = {0A2EBB3A-2695-4AF4-BB18-1F31DE691F59}
	EndGlobalSection
EndGlobal
